version = 1
requires-python = ">=3.12"

[[package]]
name = "dataflow-connector"
version = "0.1.0"
source = { virtual = "." }
dependencies = [
    { name = "node" },
]

[package.metadata]
requires-dist = [{ name = "node", specifier = ">=1.2.2" }]

[[package]]
name = "node"
version = "1.2.2"
source = { registry = "https://pypi.org/simple" }
dependencies = [
    { name = "odict" },
    { name = "plumber" },
    { name = "setuptools" },
    { name = "zope-component" },
    { name = "zope-deferredimport" },
    { name = "zope-deprecation" },
    { name = "zope-lifecycleevent" },
]
sdist = { url = "https://files.pythonhosted.org/packages/8c/93/2236fa76a8361d88ce2d0fd2a87961613898aded8b7bd214c19038a7aabe/node-1.2.2.tar.gz", hash = "sha256:4e164c76912c5b11397758ebbd27f032f116b32c306f0a90b235da466e188527", size = 100420 }
wheels = [
    { url = "https://files.pythonhosted.org/packages/3c/fa/d84aa48f238ba1cd6d256ebe9b2dbfb5e2b5e2ea968a2f6f650c272dcaf2/node-1.2.2-py3-none-any.whl", hash = "sha256:93884cc7ed36f3b43c3c8a4f3370723b8a5fe4bb3e9a817a693a21ffb44206f4", size = 102775 },
]

[[package]]
name = "odict"
version = "1.9.0"
source = { registry = "https://pypi.org/simple" }
dependencies = [
    { name = "setuptools" },
]
sdist = { url = "https://files.pythonhosted.org/packages/4e/e8/cf1364a64065652d13d40d83ad7c31c12d18e8ae824549c8975f3eaf481a/odict-1.9.0.tar.gz", hash = "sha256:fc4a05c46fd3d574bf9cf89a3e23aa3f1584a246419a1f7365fc36f9f36c2b44", size = 18205 }
wheels = [
    { url = "https://files.pythonhosted.org/packages/7c/87/02e04067920b8d88800eddae61edcd8f7db8a06d043ec6abe91201752ec3/odict-1.9.0-py3-none-any.whl", hash = "sha256:6e7ff07552d3c6cddffac565fdc7fd1fef0220b6c68f518128cab40f82114d97", size = 15191 },
]

[[package]]
name = "plumber"
version = "1.7"
source = { registry = "https://pypi.org/simple" }
dependencies = [
    { name = "setuptools" },
]
sdist = { url = "https://files.pythonhosted.org/packages/94/f6/dba35af235a1fa6faa2dd84a67b0ecc49ac1b5c41eb44c354282367fb7f3/plumber-1.7.tar.gz", hash = "sha256:bde8d6323a8b3bdfc49ae3fa054c0801408a09a2c37e319ae9f0a4d49e4d5a23", size = 40414 }
wheels = [
    { url = "https://files.pythonhosted.org/packages/84/53/e24f1e2e4263e9db0044c95c4302b7bc7f9f53c7cfe30bd19873199c02d1/plumber-1.7-py3-none-any.whl", hash = "sha256:4e734ce006b2b4367ce6f7e22c854f434f09eebfe9679b91758745c6184ddc11", size = 25295 },
]

[[package]]
name = "setuptools"
version = "75.6.0"
source = { registry = "https://pypi.org/simple" }
sdist = { url = "https://files.pythonhosted.org/packages/43/54/292f26c208734e9a7f067aea4a7e282c080750c4546559b58e2e45413ca0/setuptools-75.6.0.tar.gz", hash = "sha256:8199222558df7c86216af4f84c30e9b34a61d8ba19366cc914424cdbd28252f6", size = 1337429 }
wheels = [
    { url = "https://files.pythonhosted.org/packages/55/21/47d163f615df1d30c094f6c8bbb353619274edccf0327b185cc2493c2c33/setuptools-75.6.0-py3-none-any.whl", hash = "sha256:ce74b49e8f7110f9bf04883b730f4765b774ef3ef28f722cce7c273d253aaf7d", size = 1224032 },
]

[[package]]
name = "zope-component"
version = "6.0"
source = { registry = "https://pypi.org/simple" }
dependencies = [
    { name = "setuptools" },
    { name = "zope-event" },
    { name = "zope-hookable" },
    { name = "zope-interface" },
]
sdist = { url = "https://files.pythonhosted.org/packages/53/32/87db95f4a5f097aa837dcb951f5a4754e2e8d3ac70160a6c2df7bd215956/zope.component-6.0.tar.gz", hash = "sha256:9a0a0472ad201b94b4fe6741ce9ac2c30b8bb22c516077bf03692dec4dfb6906", size = 90268 }
wheels = [
    { url = "https://files.pythonhosted.org/packages/a0/ea/18a5e07ce7f66714aa289ba21c5bc52221bffc3a77d6e4318d50e8a0a3f7/zope.component-6.0-py3-none-any.whl", hash = "sha256:96d0a04db39643caf2dfaec152340f3e914df1dc3fa32fbb913782620dc6c3c6", size = 68841 },
]

[[package]]
name = "zope-deferredimport"
version = "5.0"
source = { registry = "https://pypi.org/simple" }
dependencies = [
    { name = "setuptools" },
    { name = "zope-proxy" },
]
sdist = { url = "https://files.pythonhosted.org/packages/a1/b7/9b0c93edb4c6745ac8784c265d244f5b3bc4082d92f7aefe952aaa5be5f3/zope.deferredimport-5.0.tar.gz", hash = "sha256:3abbf0e18c1f1765914ecd1d41b549e4d045b21b28e4065fb0c1de0ad736b2c3", size = 19386 }
wheels = [
    { url = "https://files.pythonhosted.org/packages/69/f7/b5e232857f4d511b2628697bf2e48fca55ea4ed75b1432efd1bf024fbd12/zope.deferredimport-5.0-py3-none-any.whl", hash = "sha256:b26e013b02fd1ee3e26510db66a737105128e48a0d348490f7c901ffd1928f25", size = 9977 },
]

[[package]]
name = "zope-deprecation"
version = "5.0"
source = { registry = "https://pypi.org/simple" }
dependencies = [
    { name = "setuptools" },
]
sdist = { url = "https://files.pythonhosted.org/packages/ba/de/a47e434ed1804d82f3fd7561aee5c55914c72d87f54cac6b99c15cbe7f89/zope.deprecation-5.0.tar.gz", hash = "sha256:b7c32d3392036b2145c40b3103e7322db68662ab09b7267afe1532a9d93f640f", size = 23353 }
wheels = [
    { url = "https://files.pythonhosted.org/packages/c8/7d/24a23d4d6d93744babfb99266eeb97a25ceae58c0f841a872b51c45ee214/zope.deprecation-5.0-py3-none-any.whl", hash = "sha256:28c2ee983812efb4676d33c7a8c6ade0df191c1c6d652bbbfe6e2eeee067b2d4", size = 10030 },
]

[[package]]
name = "zope-event"
version = "5.0"
source = { registry = "https://pypi.org/simple" }
dependencies = [
    { name = "setuptools" },
]
sdist = { url = "https://files.pythonhosted.org/packages/46/c2/427f1867bb96555d1d34342f1dd97f8c420966ab564d58d18469a1db8736/zope.event-5.0.tar.gz", hash = "sha256:bac440d8d9891b4068e2b5a2c5e2c9765a9df762944bda6955f96bb9b91e67cd", size = 17350 }
wheels = [
    { url = "https://files.pythonhosted.org/packages/fe/42/f8dbc2b9ad59e927940325a22d6d3931d630c3644dae7e2369ef5d9ba230/zope.event-5.0-py3-none-any.whl", hash = "sha256:2832e95014f4db26c47a13fdaef84cef2f4df37e66b59d8f1f4a8f319a632c26", size = 6824 },
]

[[package]]
name = "zope-hookable"
version = "7.0"
source = { registry = "https://pypi.org/simple" }
dependencies = [
    { name = "setuptools" },
]
sdist = { url = "https://files.pythonhosted.org/packages/ca/ce/293f46f71beff79a17b7c6a81ad04a3e1d29196cc23e2f01cf240678c888/zope_hookable-7.0.tar.gz", hash = "sha256:ffd25a6706789752f307d1ee65d23d47436ebf30d1095f14584ebbd03bf921f3", size = 21392 }
wheels = [
    { url = "https://files.pythonhosted.org/packages/b0/dc/228977874b98481cf2f591d09b74022ed2ca348d4a1b8c94b4ae4ffe0af5/zope.hookable-7.0-cp312-cp312-macosx_10_9_x86_64.whl", hash = "sha256:6994ab3cf8cefa39cc820f09faa2b7eef01b4e13fad40a11485960cccf65dc12", size = 14340 },
    { url = "https://files.pythonhosted.org/packages/3d/12/46ddbcd926b8368494e379d4fe92230648e3eccf56121514329663fde7e0/zope.hookable-7.0-cp312-cp312-macosx_11_0_arm64.whl", hash = "sha256:8e8573a44557f32942c9cf4f49673562c44c4ffbf7029774104363002d9acd25", size = 14918 },
    { url = "https://files.pythonhosted.org/packages/10/bb/86de04222651d20f66f805ac08fa4a02127de6243971031d784232b11b83/zope.hookable-7.0-cp312-cp312-manylinux_2_17_aarch64.manylinux2014_aarch64.whl", hash = "sha256:db6fc2ea7cc52c447ab47cc2b8e4639b3b511fc0eed58ce62abfffec38d52f99", size = 26334 },
    { url = "https://files.pythonhosted.org/packages/9d/6b/c9e5160ff3d84bc0ecae9679ae424fb064b1922cb05bcbf3eca922ea46fa/zope.hookable-7.0-cp312-cp312-manylinux_2_5_i686.manylinux1_i686.manylinux_2_17_i686.manylinux2014_i686.whl", hash = "sha256:c1801e2db7f4aa917fff268e261d783fbcd7ed9ab70e22dd65553ed6ccdb5505", size = 24965 },
    { url = "https://files.pythonhosted.org/packages/68/74/a0012278a28e2ab3bf5fdc84f6f1c57a3f690419a9f2d5af19f113b468b8/zope.hookable-7.0-cp312-cp312-manylinux_2_5_x86_64.manylinux1_x86_64.manylinux_2_17_x86_64.manylinux2014_x86_64.whl", hash = "sha256:718b600cceed31c0af4e799490e851cd54c761467b7e1ac7dec45a997fc56116", size = 25968 },
    { url = "https://files.pythonhosted.org/packages/27/b7/05e2fd1434aa05f4339e556f6ca56aaba4766337ed4e5744319803cbeab8/zope.hookable-7.0-cp312-cp312-win_amd64.whl", hash = "sha256:5aef76cc5cb5e2a9c65d5561559a0a599aae7d69e89fb3d5eb565709886f62c0", size = 17789 },
    { url = "https://files.pythonhosted.org/packages/9c/92/d5effcccf17caf8bc16a4113090b08a654cf4e9fdcc01f95d5f562e10f2f/zope.hookable-7.0-cp313-cp313-macosx_10_9_x86_64.whl", hash = "sha256:cbcf040de78e20ba5a921c611cb82f092d361f3a4c161da621ca964328698114", size = 14345 },
    { url = "https://files.pythonhosted.org/packages/08/23/96aaa20655c7449b71f9dd22e341a749bb2a01e8817460df067c88182886/zope.hookable-7.0-cp313-cp313-macosx_11_0_arm64.whl", hash = "sha256:5e77e3990a72228439b3c92d5ae6298841c9ae8892a846b479baf7cdeaf6c504", size = 14917 },
    { url = "https://files.pythonhosted.org/packages/f6/90/58f071e552206de0e7cf3771a51ed85305b7fe1a261d33aa04981d1a09e8/zope.hookable-7.0-cp313-cp313-manylinux_2_17_aarch64.manylinux2014_aarch64.whl", hash = "sha256:a835c2d6da5754a468ea9cc938e36087dba49baae820cf64e93eb0a6119e02ef", size = 26311 },
    { url = "https://files.pythonhosted.org/packages/af/70/c86419d4154f5edcbe04597d52840c28a74f19c9f6fe21e52e062d19c144/zope.hookable-7.0-cp313-cp313-manylinux_2_5_i686.manylinux1_i686.manylinux_2_17_i686.manylinux2014_i686.whl", hash = "sha256:638f9ff9d49ceee5e816b650f823de2c2cf43cb5579ef82b6457f34ba49b13d3", size = 24981 },
    { url = "https://files.pythonhosted.org/packages/b5/55/2be4d0524b23bb1177f0adafaed9569dead8466a8d03d9520512db08cd32/zope.hookable-7.0-cp313-cp313-manylinux_2_5_x86_64.manylinux1_x86_64.manylinux_2_17_x86_64.manylinux2014_x86_64.whl", hash = "sha256:83a39ca0834ca2e5f201cabe04aed16a68d370b66b44b4b8492914518869a34e", size = 25953 },
    { url = "https://files.pythonhosted.org/packages/c5/ff/24eebe78521d4caa72583d336ecf34722bfccf4cad57a2150f62e198f618/zope.hookable-7.0-cp313-cp313-win_amd64.whl", hash = "sha256:5d507bb0be87c61e160221e00a09dc498f411df7671d27393162f44bce7b1ff1", size = 17792 },
]

[[package]]
name = "zope-interface"
version = "7.2"
source = { registry = "https://pypi.org/simple" }
dependencies = [
    { name = "setuptools" },
]
sdist = { url = "https://files.pythonhosted.org/packages/30/93/9210e7606be57a2dfc6277ac97dcc864fd8d39f142ca194fdc186d596fda/zope.interface-7.2.tar.gz", hash = "sha256:8b49f1a3d1ee4cdaf5b32d2e738362c7f5e40ac8b46dd7d1a65e82a4872728fe", size = 252960 }
wheels = [
    { url = "https://files.pythonhosted.org/packages/68/0b/c7516bc3bad144c2496f355e35bd699443b82e9437aa02d9867653203b4a/zope.interface-7.2-cp312-cp312-macosx_10_9_x86_64.whl", hash = "sha256:086ee2f51eaef1e4a52bd7d3111a0404081dadae87f84c0ad4ce2649d4f708b7", size = 208959 },
    { url = "https://files.pythonhosted.org/packages/a2/e9/1463036df1f78ff8c45a02642a7bf6931ae4a38a4acd6a8e07c128e387a7/zope.interface-7.2-cp312-cp312-macosx_11_0_arm64.whl", hash = "sha256:21328fcc9d5b80768bf051faa35ab98fb979080c18e6f84ab3f27ce703bce465", size = 209357 },
    { url = "https://files.pythonhosted.org/packages/07/a8/106ca4c2add440728e382f1b16c7d886563602487bdd90004788d45eb310/zope.interface-7.2-cp312-cp312-manylinux_2_17_aarch64.manylinux2014_aarch64.whl", hash = "sha256:f6dd02ec01f4468da0f234da9d9c8545c5412fef80bc590cc51d8dd084138a89", size = 264235 },
    { url = "https://files.pythonhosted.org/packages/fc/ca/57286866285f4b8a4634c12ca1957c24bdac06eae28fd4a3a578e30cf906/zope.interface-7.2-cp312-cp312-manylinux_2_5_i686.manylinux1_i686.manylinux_2_17_i686.manylinux2014_i686.whl", hash = "sha256:8e7da17f53e25d1a3bde5da4601e026adc9e8071f9f6f936d0fe3fe84ace6d54", size = 259253 },
    { url = "https://files.pythonhosted.org/packages/96/08/2103587ebc989b455cf05e858e7fbdfeedfc3373358320e9c513428290b1/zope.interface-7.2-cp312-cp312-manylinux_2_5_x86_64.manylinux1_x86_64.manylinux_2_17_x86_64.manylinux2014_x86_64.whl", hash = "sha256:cab15ff4832580aa440dc9790b8a6128abd0b88b7ee4dd56abacbc52f212209d", size = 264702 },
    { url = "https://files.pythonhosted.org/packages/5f/c7/3c67562e03b3752ba4ab6b23355f15a58ac2d023a6ef763caaca430f91f2/zope.interface-7.2-cp312-cp312-win_amd64.whl", hash = "sha256:29caad142a2355ce7cfea48725aa8bcf0067e2b5cc63fcf5cd9f97ad12d6afb5", size = 212466 },
    { url = "https://files.pythonhosted.org/packages/c6/3b/e309d731712c1a1866d61b5356a069dd44e5b01e394b6cb49848fa2efbff/zope.interface-7.2-cp313-cp313-macosx_10_9_x86_64.whl", hash = "sha256:3e0350b51e88658d5ad126c6a57502b19d5f559f6cb0a628e3dc90442b53dd98", size = 208961 },
    { url = "https://files.pythonhosted.org/packages/49/65/78e7cebca6be07c8fc4032bfbb123e500d60efdf7b86727bb8a071992108/zope.interface-7.2-cp313-cp313-macosx_11_0_arm64.whl", hash = "sha256:15398c000c094b8855d7d74f4fdc9e73aa02d4d0d5c775acdef98cdb1119768d", size = 209356 },
    { url = "https://files.pythonhosted.org/packages/11/b1/627384b745310d082d29e3695db5f5a9188186676912c14b61a78bbc6afe/zope.interface-7.2-cp313-cp313-manylinux_2_17_aarch64.manylinux2014_aarch64.whl", hash = "sha256:802176a9f99bd8cc276dcd3b8512808716492f6f557c11196d42e26c01a69a4c", size = 264196 },
    { url = "https://files.pythonhosted.org/packages/b8/f6/54548df6dc73e30ac6c8a7ff1da73ac9007ba38f866397091d5a82237bd3/zope.interface-7.2-cp313-cp313-manylinux_2_5_i686.manylinux1_i686.manylinux_2_17_i686.manylinux2014_i686.whl", hash = "sha256:eb23f58a446a7f09db85eda09521a498e109f137b85fb278edb2e34841055398", size = 259237 },
    { url = "https://files.pythonhosted.org/packages/b6/66/ac05b741c2129fdf668b85631d2268421c5cd1a9ff99be1674371139d665/zope.interface-7.2-cp313-cp313-manylinux_2_5_x86_64.manylinux1_x86_64.manylinux_2_17_x86_64.manylinux2014_x86_64.whl", hash = "sha256:a71a5b541078d0ebe373a81a3b7e71432c61d12e660f1d67896ca62d9628045b", size = 264696 },
    { url = "https://files.pythonhosted.org/packages/0a/2f/1bccc6f4cc882662162a1158cda1a7f616add2ffe322b28c99cb031b4ffc/zope.interface-7.2-cp313-cp313-win_amd64.whl", hash = "sha256:4893395d5dd2ba655c38ceb13014fd65667740f09fa5bb01caa1e6284e48c0cd", size = 212472 },
]

[[package]]
name = "zope-lifecycleevent"
version = "5.0"
source = { registry = "https://pypi.org/simple" }
dependencies = [
    { name = "setuptools" },
    { name = "zope-event" },
    { name = "zope-interface" },
]
sdist = { url = "https://files.pythonhosted.org/packages/6e/6b/1129e5cfe99ad76a0987e9f00c5102c3d5219699e4dca5a0466337c2553f/zope.lifecycleevent-5.0.tar.gz", hash = "sha256:ead3fb496e7614f9b569d16dad4b78052b0ac21875bad8d66ca350352d9b6f9d", size = 24899 }
wheels = [
    { url = "https://files.pythonhosted.org/packages/56/a3/f39def1937fbc94d080be0c1f064f101637140420d1935834f7f06185e11/zope.lifecycleevent-5.0-py3-none-any.whl", hash = "sha256:28431a461522e7a49f8e1e4d7541a73566747c70300ff4b6dee29e021e70540b", size = 18162 },
]

[[package]]
name = "zope-proxy"
version = "6.1"
source = { registry = "https://pypi.org/simple" }
dependencies = [
    { name = "setuptools" },
    { name = "zope-interface" },
]
sdist = { url = "https://files.pythonhosted.org/packages/5c/1c/d051c6a2968a189787c7ed8f789201dd7ee0f40e5c1553ea513bdbd21dcf/zope_proxy-6.1.tar.gz", hash = "sha256:9b70bf787fcbd3ecb86ba886d71e5cd857da0d6dbe2fcf2b6c24774f24747e2e", size = 43823 }
wheels = [
    { url = "https://files.pythonhosted.org/packages/62/fb/de3be3871ce25776f46f73c3c1e3a19cd4d418b0e167c475486f728cc180/zope.proxy-6.1-cp312-cp312-macosx_10_9_x86_64.whl", hash = "sha256:205d6addd0a19ac2febc0b0bf5dabc5b9ae7db385a6a84dddaf3237d113ee01f", size = 39326 },
    { url = "https://files.pythonhosted.org/packages/8f/b7/2bf9814ff968d77244cf3d84e4f1dda07901a927a01cb13cf61479112e31/zope.proxy-6.1-cp312-cp312-macosx_11_0_arm64.whl", hash = "sha256:4ea7b1b14c31d28de0c3dbbb6672e36dea62828866831bd8a9736171b1d82465", size = 39762 },
    { url = "https://files.pythonhosted.org/packages/e9/fe/de76477112bcf671f21fb39fbbe5613e2207f679cad0c8e79323d62f6797/zope.proxy-6.1-cp312-cp312-manylinux_2_17_aarch64.manylinux2014_aarch64.whl", hash = "sha256:51a6be9875dd4bd3945da4338120baed733610acb961c77f3bdfec9ba1be208e", size = 72743 },
    { url = "https://files.pythonhosted.org/packages/7f/44/9cb3b1148736459b610048dc1f4b72d8d8c3b866e920ee1fc0ce81d28187/zope.proxy-6.1-cp312-cp312-manylinux_2_5_i686.manylinux1_i686.manylinux_2_17_i686.manylinux2014_i686.whl", hash = "sha256:9799b3016982a32dc9f9e4f42e443a52c88b3f601a50d21951d0ef450999b85d", size = 67966 },
    { url = "https://files.pythonhosted.org/packages/63/7c/0b22b3aca302f7e22a108be20923745d4b2a3b0a149b64cf9e5ac67a53f2/zope.proxy-6.1-cp312-cp312-manylinux_2_5_x86_64.manylinux1_x86_64.manylinux_2_17_x86_64.manylinux2014_x86_64.whl", hash = "sha256:ed87d7c006d635e4f92c94dbb8ad6082b1fe828dfa76ed3c78610bc84cefdeb7", size = 73534 },
    { url = "https://files.pythonhosted.org/packages/48/99/3ca142e945075e082a17278c3cc47822cc9b8285bbdb0943e5d8c81fdf20/zope.proxy-6.1-cp312-cp312-win_amd64.whl", hash = "sha256:60497b06f9e249b3c21b09ce1775b3d71a74a37cea44207cd997317a77fc5918", size = 40813 },
    { url = "https://files.pythonhosted.org/packages/49/62/3f9cbf9bcb58b5e330fc5b37d42c2a9fbcbfe2feecde7bf58966b08e8f46/zope.proxy-6.1-cp313-cp313-macosx_10_9_x86_64.whl", hash = "sha256:cda5526ebea4aced070bfa0ce73e7b3a2a2250988a5b12b1593fe510dd3338db", size = 39325 },
    { url = "https://files.pythonhosted.org/packages/3d/f2/ade1536faac8f08fb237d7c53865c3b1f835539ff80e08d955a233f635c6/zope.proxy-6.1-cp313-cp313-macosx_11_0_arm64.whl", hash = "sha256:6f7208e4630003bf77abd64f54d0e98767fa146f2930b7bfb4ba12e23bbfb006", size = 39762 },
    { url = "https://files.pythonhosted.org/packages/1e/91/1f30f4635f7aeb31134bc3118e1fca20c7ddc5d3e125eb269f3801cbf0ff/zope.proxy-6.1-cp313-cp313-manylinux_2_17_aarch64.manylinux2014_aarch64.whl", hash = "sha256:07c43ae0180ba4dc6fa41cc9e306d5e5c063014fb8d4e8614b49f8f934d42eb9", size = 72756 },
    { url = "https://files.pythonhosted.org/packages/45/a3/cab9b3e54d6bc06711d7779b50e14b0805618445e0c3ee8e82cf6a0ad01c/zope.proxy-6.1-cp313-cp313-manylinux_2_5_i686.manylinux1_i686.manylinux_2_17_i686.manylinux2014_i686.whl", hash = "sha256:71d9b46af85bca3ceb1fa60b95591cce50538265b73f0eefb735bd366199ebeb", size = 67956 },
    { url = "https://files.pythonhosted.org/packages/05/b4/56ba31881edb1858b5c009973ea2362041bd36179a9f6496446c62eeab7d/zope.proxy-6.1-cp313-cp313-manylinux_2_5_x86_64.manylinux1_x86_64.manylinux_2_17_x86_64.manylinux2014_x86_64.whl", hash = "sha256:7fd5b73c60cd64e9225d5dd810742e467c8086b7615d29849ac53a98ab059267", size = 73510 },
    { url = "https://files.pythonhosted.org/packages/cd/da/2e120d9dfc21c135d749390e6f16c18ced83e803b55412ef23b28c337af1/zope.proxy-6.1-cp313-cp313-win_amd64.whl", hash = "sha256:17fa348ec0ac9daafb9a0380e067ed1e8fc1ddcaefc31b094e255544319b8609", size = 40822 },
]
